
Microsoft Visual Studio Solution File, Format Version 12.00
# Visual Studio Version 16
VisualStudioVersion = 16.0.31313.79
MinimumVisualStudioVersion = 10.0.40219.1
Project("{9A19103F-16F7-4668-BE54-9A1E7A4F7556}") = "EmailMS", "EmailMS\EmailMS.csproj", "{D77C64F4-7295-410A-A659-2C57D177AE15}"
EndProject
Project("{9A19103F-16F7-4668-BE54-9A1E7A4F7556}") = "EmailBL", "EmailBL\EmailBL.csproj", "{720535FF-751E-40C9-BF87-ABCA9295BC8E}"
EndProject
Project("{2150E333-8FDC-42A3-9474-1A3956D46DE8}") = "General", "General", "{FE644A64-1313-4174-A2E3-926C56C0F59D}"
EndProject
Project("{FAE04EC0-301F-11D3-BF4B-00C04F79EFBC}") = "ConfigureMS", "General\ConfigureMS\ConfigureMS.csproj", "{2F67F3DE-01B6-44EE-9F24-33460B8E3CF6}"
EndProject
Project("{FAE04EC0-301F-11D3-BF4B-00C04F79EFBC}") = "EmailConfigurator", "EmailConfigurator\EmailConfigurator.csproj", "{4C032283-4A65-469A-8A04-6C5CCBA3EFD6}"
EndProject
Project("{2150E333-8FDC-42A3-9474-1A3956D46DE8}") = "Specific", "Specific", "{655CA6C3-0BFB-44CE-9690-C0A49EE154B5}"
EndProject
Project("{FAE04EC0-301F-11D3-BF4B-00C04F79EFBC}") = "EmailSmtpClientGmail", "EmailSmtpClientGmail\EmailSmtpClientGmail.csproj", "{0FB7D7AB-D1F6-4C87-8A35-4BFE0610C5FD}"
EndProject
Global
	GlobalSection(SolutionConfigurationPlatforms) = preSolution
		Debug|Any CPU = Debug|Any CPU
		Release|Any CPU = Release|Any CPU
	EndGlobalSection
	GlobalSection(ProjectConfigurationPlatforms) = postSolution
		{D77C64F4-7295-410A-A659-2C57D177AE15}.Debug|Any CPU.ActiveCfg = Debug|Any CPU
		{D77C64F4-7295-410A-A659-2C57D177AE15}.Debug|Any CPU.Build.0 = Debug|Any CPU
		{D77C64F4-7295-410A-A659-2C57D177AE15}.Release|Any CPU.ActiveCfg = Release|Any CPU
		{D77C64F4-7295-410A-A659-2C57D177AE15}.Release|Any CPU.Build.0 = Release|Any CPU
		{720535FF-751E-40C9-BF87-ABCA9295BC8E}.Debug|Any CPU.ActiveCfg = Debug|Any CPU
		{720535FF-751E-40C9-BF87-ABCA9295BC8E}.Debug|Any CPU.Build.0 = Debug|Any CPU
		{720535FF-751E-40C9-BF87-ABCA9295BC8E}.Release|Any CPU.ActiveCfg = Release|Any CPU
		{720535FF-751E-40C9-BF87-ABCA9295BC8E}.Release|Any CPU.Build.0 = Release|Any CPU
		{2F67F3DE-01B6-44EE-9F24-33460B8E3CF6}.Debug|Any CPU.ActiveCfg = Debug|Any CPU
		{2F67F3DE-01B6-44EE-9F24-33460B8E3CF6}.Debug|Any CPU.Build.0 = Debug|Any CPU
		{2F67F3DE-01B6-44EE-9F24-33460B8E3CF6}.Release|Any CPU.ActiveCfg = Release|Any CPU
		{2F67F3DE-01B6-44EE-9F24-33460B8E3CF6}.Release|Any CPU.Build.0 = Release|Any CPU
		{4C032283-4A65-469A-8A04-6C5CCBA3EFD6}.Debug|Any CPU.ActiveCfg = Debug|Any CPU
		{4C032283-4A65-469A-8A04-6C5CCBA3EFD6}.Debug|Any CPU.Build.0 = Debug|Any CPU
		{4C032283-4A65-469A-8A04-6C5CCBA3EFD6}.Release|Any CPU.ActiveCfg = Release|Any CPU
		{4C032283-4A65-469A-8A04-6C5CCBA3EFD6}.Release|Any CPU.Build.0 = Release|Any CPU
		{0FB7D7AB-D1F6-4C87-8A35-4BFE0610C5FD}.Debug|Any CPU.ActiveCfg = Debug|Any CPU
		{0FB7D7AB-D1F6-4C87-8A35-4BFE0610C5FD}.Debug|Any CPU.Build.0 = Debug|Any CPU
		{0FB7D7AB-D1F6-4C87-8A35-4BFE0610C5FD}.Release|Any CPU.ActiveCfg = Release|Any CPU
		{0FB7D7AB-D1F6-4C87-8A35-4BFE0610C5FD}.Release|Any CPU.Build.0 = Release|Any CPU
	EndGlobalSection
	GlobalSection(SolutionProperties) = preSolution
		HideSolutionNode = FALSE
	EndGlobalSection
	GlobalSection(NestedProjects) = preSolution
		{2F67F3DE-01B6-44EE-9F24-33460B8E3CF6} = {FE644A64-1313-4174-A2E3-926C56C0F59D}
		{4C032283-4A65-469A-8A04-6C5CCBA3EFD6} = {FE644A64-1313-4174-A2E3-926C56C0F59D}
		{0FB7D7AB-D1F6-4C87-8A35-4BFE0610C5FD} = {655CA6C3-0BFB-44CE-9690-C0A49EE154B5}
	EndGlobalSection
	GlobalSection(ExtensibilityGlobals) = postSolution
		SolutionGuid = {70589FCE-9214-4919-9474-7B81E99116E7}
	EndGlobalSection
EndGlobal
